
Microsoft Visual Studio Solution File, Format Version 12.00
# Visual Studio Version 16
VisualStudioVersion = 16.0.30114.105
MinimumVisualStudioVersion = 10.0.40219.1
Project("{FAE04EC0-301F-11D3-BF4B-00C04F79EFBC}") = "RayTracer", "RayTracer\RayTracer.csproj", "{0584E669-2CF9-4A5E-B588-E5280F598476}"
EndProject
Project("{FAE04EC0-301F-11D3-BF4B-00C04F79EFBC}") = "RayTracer.Tests", "RayTracer.Tests\RayTracer.Tests.csproj", "{EFB5B0B8-9846-42D7-AA5C-DF85201F408F}"
EndProject
Global
	GlobalSection(SolutionConfigurationPlatforms) = preSolution
		Debug|Any CPU = Debug|Any CPU
		Debug|x64 = Debug|x64
		Debug|x86 = Debug|x86
		Release|Any CPU = Release|Any CPU
		Release|x64 = Release|x64
		Release|x86 = Release|x86
	EndGlobalSection
	GlobalSection(SolutionProperties) = preSolution
		HideSolutionNode = FALSE
	EndGlobalSection
	GlobalSection(ProjectConfigurationPlatforms) = postSolution
		{0584E669-2CF9-4A5E-B588-E5280F598476}.Debug|Any CPU.ActiveCfg = Debug|Any CPU
		{0584E669-2CF9-4A5E-B588-E5280F598476}.Debug|Any CPU.Build.0 = Debug|Any CPU
		{0584E669-2CF9-4A5E-B588-E5280F598476}.Debug|x64.ActiveCfg = Debug|Any CPU
		{0584E669-2CF9-4A5E-B588-E5280F598476}.Debug|x64.Build.0 = Debug|Any CPU
		{0584E669-2CF9-4A5E-B588-E5280F598476}.Debug|x86.ActiveCfg = Debug|Any CPU
		{0584E669-2CF9-4A5E-B588-E5280F598476}.Debug|x86.Build.0 = Debug|Any CPU
		{0584E669-2CF9-4A5E-B588-E5280F598476}.Release|Any CPU.ActiveCfg = Release|Any CPU
		{0584E669-2CF9-4A5E-B588-E5280F598476}.Release|Any CPU.Build.0 = Release|Any CPU
		{0584E669-2CF9-4A5E-B588-E5280F598476}.Release|x64.ActiveCfg = Release|Any CPU
		{0584E669-2CF9-4A5E-B588-E5280F598476}.Release|x64.Build.0 = Release|Any CPU
		{0584E669-2CF9-4A5E-B588-E5280F598476}.Release|x86.ActiveCfg = Release|Any CPU
		{0584E669-2CF9-4A5E-B588-E5280F598476}.Release|x86.Build.0 = Release|Any CPU
		{EFB5B0B8-9846-42D7-AA5C-DF85201F408F}.Debug|Any CPU.ActiveCfg = Debug|Any CPU
		{EFB5B0B8-9846-42D7-AA5C-DF85201F408F}.Debug|Any CPU.Build.0 = Debug|Any CPU
		{EFB5B0B8-9846-42D7-AA5C-DF85201F408F}.Debug|x64.ActiveCfg = Debug|Any CPU
		{EFB5B0B8-9846-42D7-AA5C-DF85201F408F}.Debug|x64.Build.0 = Debug|Any CPU
		{EFB5B0B8-9846-42D7-AA5C-DF85201F408F}.Debug|x86.ActiveCfg = Debug|Any CPU
		{EFB5B0B8-9846-42D7-AA5C-DF85201F408F}.Debug|x86.Build.0 = Debug|Any CPU
		{EFB5B0B8-9846-42D7-AA5C-DF85201F408F}.Release|Any CPU.ActiveCfg = Release|Any CPU
		{EFB5B0B8-9846-42D7-AA5C-DF85201F408F}.Release|Any CPU.Build.0 = Release|Any CPU
		{EFB5B0B8-9846-42D7-AA5C-DF85201F408F}.Release|x64.ActiveCfg = Release|Any CPU
		{EFB5B0B8-9846-42D7-AA5C-DF85201F408F}.Release|x64.Build.0 = Release|Any CPU
		{EFB5B0B8-9846-42D7-AA5C-DF85201F408F}.Release|x86.ActiveCfg = Release|Any CPU
		{EFB5B0B8-9846-42D7-AA5C-DF85201F408F}.Release|x86.Build.0 = Release|Any CPU
	EndGlobalSection
EndGlobal
